
Microsoft Visual Studio Solution File, Format Version 12.00
# Visual Studio Version 16
VisualStudioVersion = 16.0.30225.117
MinimumVisualStudioVersion = 10.0.40219.1
Project("{9A19103F-16F7-4668-BE54-9A1E7A4F7556}") = "AccommodationBookingApp", "AccommodationBookingApp\AccommodationBookingApp.csproj", "{452A7E41-E4A6-4C05-8393-0E391AAC2865}"
EndProject
Project("{9A19103F-16F7-4668-BE54-9A1E7A4F7556}") = "AccommodationBookingApp.BLL", "AccommodationBookingApp.BLL\AccommodationBookingApp.BLL.csproj", "{007220BC-47E4-4ED4-B2F1-E59C05902C5A}"
EndProject
Project("{9A19103F-16F7-4668-BE54-9A1E7A4F7556}") = "AccommodationBookingApp.DataAccess", "AccommodationBookingApp.DataAccess\AccommodationBookingApp.DataAccess.csproj", "{9A3669A3-FB00-439E-9C19-6A10483975E3}"
EndProject
Global
	GlobalSection(SolutionConfigurationPlatforms) = preSolution
		Debug|Any CPU = Debug|Any CPU
		Release|Any CPU = Release|Any CPU
	EndGlobalSection
	GlobalSection(ProjectConfigurationPlatforms) = postSolution
		{452A7E41-E4A6-4C05-8393-0E391AAC2865}.Debug|Any CPU.ActiveCfg = Debug|Any CPU
		{452A7E41-E4A6-4C05-8393-0E391AAC2865}.Debug|Any CPU.Build.0 = Debug|Any CPU
		{452A7E41-E4A6-4C05-8393-0E391AAC2865}.Release|Any CPU.ActiveCfg = Release|Any CPU
		{452A7E41-E4A6-4C05-8393-0E391AAC2865}.Release|Any CPU.Build.0 = Release|Any CPU
		{007220BC-47E4-4ED4-B2F1-E59C05902C5A}.Debug|Any CPU.ActiveCfg = Debug|Any CPU
		{007220BC-47E4-4ED4-B2F1-E59C05902C5A}.Debug|Any CPU.Build.0 = Debug|Any CPU
		{007220BC-47E4-4ED4-B2F1-E59C05902C5A}.Release|Any CPU.ActiveCfg = Release|Any CPU
		{007220BC-47E4-4ED4-B2F1-E59C05902C5A}.Release|Any CPU.Build.0 = Release|Any CPU
		{9A3669A3-FB00-439E-9C19-6A10483975E3}.Debug|Any CPU.ActiveCfg = Debug|Any CPU
		{9A3669A3-FB00-439E-9C19-6A10483975E3}.Debug|Any CPU.Build.0 = Debug|Any CPU
		{9A3669A3-FB00-439E-9C19-6A10483975E3}.Release|Any CPU.ActiveCfg = Release|Any CPU
		{9A3669A3-FB00-439E-9C19-6A10483975E3}.Release|Any CPU.Build.0 = Release|Any CPU
	EndGlobalSection
	GlobalSection(SolutionProperties) = preSolution
		HideSolutionNode = FALSE
	EndGlobalSection
	GlobalSection(ExtensibilityGlobals) = postSolution
		SolutionGuid = {6D975802-63DA-440D-93D8-05CEB8D42F92}
	EndGlobalSection
EndGlobal
